
Microsoft Visual Studio Solution File, Format Version 12.00
# Visual Studio Version 17
VisualStudioVersion = 17.7.34031.279
MinimumVisualStudioVersion = 10.0.40219.1
Project("{FAE04EC0-301F-11D3-BF4B-00C04F79EFBC}") = "ProjectAPI", "ProjectAPI\ProjectAPI.csproj", "{3D1E553A-49C8-4BA1-BA2F-721D5DE5A1F3}"
EndProject
Global
	GlobalSection(SolutionConfigurationPlatforms) = preSolution
		Debug|Any CPU = Debug|Any CPU
		Release|Any CPU = Release|Any CPU
	EndGlobalSection
	GlobalSection(ProjectConfigurationPlatforms) = postSolution
		{3D1E553A-49C8-4BA1-BA2F-721D5DE5A1F3}.Debug|Any CPU.ActiveCfg = Debug|Any CPU
		{3D1E553A-49C8-4BA1-BA2F-721D5DE5A1F3}.Debug|Any CPU.Build.0 = Debug|Any CPU
		{3D1E553A-49C8-4BA1-BA2F-721D5DE5A1F3}.Release|Any CPU.ActiveCfg = Release|Any CPU
		{3D1E553A-49C8-4BA1-BA2F-721D5DE5A1F3}.Release|Any CPU.Build.0 = Release|Any CPU
	EndGlobalSection
	GlobalSection(SolutionProperties) = preSolution
		HideSolutionNode = FALSE
	EndGlobalSection
	GlobalSection(ExtensibilityGlobals) = postSolution
		SolutionGuid = {6F9CC50A-5164-4825-A653-AB82B43440E5}
	EndGlobalSection
EndGlobal
